
Microsoft Visual Studio Solution File, Format Version 12.00
# Visual Studio 15
Project("{FAE04EC0-301F-11D3-BF4B-00C04F79EFBC}") = "Assembly-CSharp-firstpass", "Assembly-CSharp-firstpass.csproj", "{18FA4023-D2B0-4200-8E49-64DAF22B4D54}"
EndProject
Project("{FAE04EC0-301F-11D3-BF4B-00C04F79EFBC}") = "Assembly-CSharp-Editor-firstpass", "Assembly-CSharp-Editor-firstpass.csproj", "{BD4D5A03-719C-23B5-3DC5-752AC7F8ED33}"
EndProject
Global
	GlobalSection(SolutionConfigurationPlatforms) = preSolution
		Debug|Any CPU = Debug|Any CPU
		Release|Any CPU = Release|Any CPU
	EndGlobalSection
	GlobalSection(ProjectConfigurationPlatforms) = postSolution
		{18FA4023-D2B0-4200-8E49-64DAF22B4D54}.Debug|Any CPU.ActiveCfg = Debug|Any CPU
		{18FA4023-D2B0-4200-8E49-64DAF22B4D54}.Debug|Any CPU.Build.0 = Debug|Any CPU
		{18FA4023-D2B0-4200-8E49-64DAF22B4D54}.Release|Any CPU.ActiveCfg = Release|Any CPU
		{18FA4023-D2B0-4200-8E49-64DAF22B4D54}.Release|Any CPU.Build.0 = Release|Any CPU
		{BD4D5A03-719C-23B5-3DC5-752AC7F8ED33}.Debug|Any CPU.ActiveCfg = Debug|Any CPU
		{BD4D5A03-719C-23B5-3DC5-752AC7F8ED33}.Debug|Any CPU.Build.0 = Debug|Any CPU
		{BD4D5A03-719C-23B5-3DC5-752AC7F8ED33}.Release|Any CPU.ActiveCfg = Release|Any CPU
		{BD4D5A03-719C-23B5-3DC5-752AC7F8ED33}.Release|Any CPU.Build.0 = Release|Any CPU
	EndGlobalSection
	GlobalSection(SolutionProperties) = preSolution
		HideSolutionNode = FALSE
	EndGlobalSection
EndGlobal
